
Microsoft Visual Studio Solution File, Format Version 12.00
# Visual Studio 15
VisualStudioVersion = 15.0.26228.9
MinimumVisualStudioVersion = 10.0.40219.1
Project("{F184B08F-C81C-45F6-A57F-5ABD9991F28F}") = "LOADER", "LOADER\LOADER.vbproj", "{A03F6B2B-776D-46D5-AF61-7DD94C77FD96}"
EndProject
Global
	GlobalSection(SolutionConfigurationPlatforms) = preSolution
		Debug|Any CPU = Debug|Any CPU
		Release|Any CPU = Release|Any CPU
	EndGlobalSection
	GlobalSection(ProjectConfigurationPlatforms) = postSolution
		{A03F6B2B-776D-46D5-AF61-7DD94C77FD96}.Debug|Any CPU.ActiveCfg = Debug|Any CPU
		{A03F6B2B-776D-46D5-AF61-7DD94C77FD96}.Debug|Any CPU.Build.0 = Debug|Any CPU
		{A03F6B2B-776D-46D5-AF61-7DD94C77FD96}.Release|Any CPU.ActiveCfg = Release|Any CPU
		{A03F6B2B-776D-46D5-AF61-7DD94C77FD96}.Release|Any CPU.Build.0 = Release|Any CPU
	EndGlobalSection
	GlobalSection(SolutionProperties) = preSolution
		HideSolutionNode = FALSE
	EndGlobalSection
EndGlobal
